{
    "_readme": [
        "This file locks the dependencies of your project to a known state",
        "Read more about it at https://getcomposer.org/doc/01-basic-usage.md#composer-lock-the-lock-file",
        "This file is @generated automatically"
    ],
    "hash": "a8b692e6d5160d7ee68756e379f0d25a",
    "content-hash": "5ffd97cb179efaf0f049e3145eb0caa0",
    "packages": [
        {
            "name": "joomla/application",
            "version": "1.5.0",
            "source": {
                "type": "git",
                "url": "https://github.com/joomla-framework/application.git",
                "reference": "a50d524bdc31488aad46da0da8cb59b1767fc4fd"
            },
            "dist": {
                "type": "zip",
                "url": "https://api.github.com/repos/joomla-framework/application/zipball/a50d524bdc31488aad46da0da8cb59b1767fc4fd",
                "reference": "a50d524bdc31488aad46da0da8cb59b1767fc4fd",
                "shasum": ""
            },
            "require": {
                "joomla/input": "~1.2",
                "joomla/registry": "~1.1",
                "php": ">=5.3.10",
                "psr/log": "~1.0"
            },
            "require-dev": {
                "joomla/session": "~1.1",
                "joomla/test": "~1.1",
                "joomla/uri": "~1.1",
                "phpunit/phpunit": "4.*",
                "squizlabs/php_codesniffer": "1.*"
            },
            "suggest": {
                "joomla/session": "To use AbstractWebApplication with session support, install joomla/session",
                "joomla/uri": "To use AbstractWebApplication, install joomla/uri"
            },
            "type": "joomla-package",
            "extra": {
                "branch-alias": {
                    "dev-master": "1.x-dev"
                }
            },
            "autoload": {
                "psr-4": {
                    "Joomla\\Application\\": "src/",
                    "Joomla\\Application\\Tests\\": "Tests/"
                }
            },
            "notification-url": "https://packagist.org/downloads/",
            "license": [
                "GPL-2.0+"
            ],
            "description": "Joomla Application Package",
            "homepage": "https://github.com/joomla-framework/application",
            "keywords": [
                "application",
                "framework",
                "joomla"
            ],
            "time": "2015-10-09 12:10:44"
        },
        {
            "name": "joomla/compat",
            "version": "1.2.0",
            "source": {
                "type": "git",
                "url": "https://github.com/joomla-framework/compat.git",
                "reference": "f23565fe0184517778996226eb4b2333deb369c4"
            },
            "dist": {
                "type": "zip",
                "url": "https://api.github.com/repos/joomla-framework/compat/zipball/f23565fe0184517778996226eb4b2333deb369c4",
                "reference": "f23565fe0184517778996226eb4b2333deb369c4",
                "shasum": ""
            },
            "require": {
                "php": ">=5.3.10"
            },
            "type": "joomla-package",
            "autoload": {
                "classmap": [
                    "src/JsonSerializable.php",
                    "src/CallbackFilterIterator.php"
                ]
            },
            "notification-url": "https://packagist.org/downloads/",
            "license": [
                "GPL-2.0+"
            ],
            "description": "Joomla Compat Package",
            "homepage": "https://github.com/joomla-framework/compat",
            "keywords": [
                "compat",
                "framework",
                "joomla"
            ],
            "time": "2015-02-24 00:21:06"
        },
        {
            "name": "joomla/date",
            "version": "1.1.1",
            "source": {
                "type": "git",
                "url": "https://github.com/joomla-framework/date.git",
                "reference": "b985dc1a4ed41ea14c90fc09347c6bb44470aeaa"
            },
            "dist": {
                "type": "zip",
                "url": "https://api.github.com/repos/joomla-framework/date/zipball/b985dc1a4ed41ea14c90fc09347c6bb44470aeaa",
                "reference": "b985dc1a4ed41ea14c90fc09347c6bb44470aeaa",
                "shasum": ""
            },
            "require": {
                "php": ">=5.3.10"
            },
            "type": "joomla-package",
            "autoload": {
                "psr-4": {
                    "Joomla\\Date\\": "src/",
                    "Joomla\\Date\\Tests\\": "Tests/"
                }
            },
            "notification-url": "https://packagist.org/downloads/",
            "license": [
                "GPL-2.0+"
            ],
            "description": "Joomla Date Package",
            "homepage": "https://github.com/joomla-framework/date",
            "keywords": [
                "date",
                "framework",
                "joomla"
            ],
            "time": "2014-02-09 01:27:57"
        },
        {
            "name": "joomla/filter",
            "version": "1.2.0",
            "source": {
                "type": "git",
                "url": "https://github.com/joomla-framework/filter.git",
                "reference": "45a504f0cd6fa2312a0260955e957435ca2cedc9"
            },
            "dist": {
                "type": "zip",
                "url": "https://api.github.com/repos/joomla-framework/filter/zipball/45a504f0cd6fa2312a0260955e957435ca2cedc9",
                "reference": "45a504f0cd6fa2312a0260955e957435ca2cedc9",
                "shasum": ""
            },
            "require": {
                "joomla/string": "~1.3",
                "php": ">=5.3.10"
            },
            "require-dev": {
                "joomla/language": "~1.0",
                "phpunit/phpunit": "4.*",
                "squizlabs/php_codesniffer": "1.*"
            },
            "suggest": {
                "joomla/language": "Required only if you want to use `OutputFilter::stringURLSafe`."
            },
            "type": "joomla-package",
            "extra": {
                "branch-alias": {
                    "dev-master": "1.x-dev"
                }
            },
            "autoload": {
                "psr-4": {
                    "Joomla\\Filter\\": "src/",
                    "Joomla\\Filter\\Tests\\": "Tests/"
                }
            },
            "notification-url": "https://packagist.org/downloads/",
            "license": [
                "GPL-2.0+"
            ],
            "description": "Joomla Filter Package",
            "homepage": "https://github.com/joomla-framework/filter",
            "keywords": [
                "filter",
                "framework",
                "joomla"
            ],
            "time": "2016-01-08 17:27:47"
        },
        {
            "name": "joomla/github",
            "version": "1.3.0",
            "source": {
                "type": "git",
                "url": "https://github.com/joomla-framework/github-api.git",
                "reference": "39b4ad1221ce7d87b63c49a35df948b55b20d9c3"
            },
            "dist": {
                "type": "zip",
                "url": "https://api.github.com/repos/joomla-framework/github-api/zipball/39b4ad1221ce7d87b63c49a35df948b55b20d9c3",
                "reference": "39b4ad1221ce7d87b63c49a35df948b55b20d9c3",
                "shasum": ""
            },
            "require": {
                "joomla/date": "~1.0",
                "joomla/http": "~1.0",
                "joomla/registry": "~1.0",
                "joomla/uri": "~1.0",
                "php": ">=5.3.10"
            },
            "require-dev": {
                "phpunit/phpunit": "4.*",
                "squizlabs/php_codesniffer": "1.*"
            },
            "type": "joomla-package",
            "extra": {
                "branch-alias": {
                    "dev-master": "1.x-dev"
                }
            },
            "autoload": {
                "psr-4": {
                    "Joomla\\Github\\": "src/",
                    "Joomla\\Github\\Tests\\": "Tests/"
                }
            },
            "notification-url": "https://packagist.org/downloads/",
            "license": [
                "GPL-2.0+"
            ],
            "description": "Joomla Github Package",
            "homepage": "https://github.com/joomla-framework/github-api",
            "keywords": [
                "framework",
                "github",
                "joomla"
            ],
            "time": "2015-02-03 12:13:36"
        },
        {
            "name": "joomla/http",
            "version": "1.2.1",
            "source": {
                "type": "git",
                "url": "https://github.com/joomla-framework/http.git",
                "reference": "3b667b4dea6b022fedb296c4e88be3de38fd0327"
            },
            "dist": {
                "type": "zip",
                "url": "https://api.github.com/repos/joomla-framework/http/zipball/3b667b4dea6b022fedb296c4e88be3de38fd0327",
                "reference": "3b667b4dea6b022fedb296c4e88be3de38fd0327",
                "shasum": ""
            },
            "require": {
                "joomla/uri": "~1.0",
                "php": ">=5.3.10"
            },
            "require-dev": {
                "joomla/test": "~1.0",
                "phpunit/phpunit": "4.*",
                "squizlabs/php_codesniffer": "1.*"
            },
            "suggest": {
                "joomla/registry": "Registry can be used as an alternative to using an array for the package options."
            },
            "type": "joomla-package",
            "extra": {
                "branch-alias": {
                    "dev-master": "1.x-dev"
                }
            },
            "autoload": {
                "psr-4": {
                    "Joomla\\Http\\": "src/",
                    "Joomla\\Http\\Tests\\": "Tests/"
                }
            },
            "notification-url": "https://packagist.org/downloads/",
            "license": [
                "GPL-2.0+"
            ],
            "description": "Joomla HTTP Package",
            "homepage": "https://github.com/joomla-framework/http",
            "keywords": [
                "framework",
                "http",
                "joomla"
            ],
            "time": "2015-12-17 22:53:23"
        },
        {
            "name": "joomla/input",
            "version": "1.2.0",
            "source": {
                "type": "git",
                "url": "https://github.com/joomla-framework/input.git",
                "reference": "b6098276043e2d627221fe54d3c91232e6679d0f"
            },
            "dist": {
                "type": "zip",
                "url": "https://api.github.com/repos/joomla-framework/input/zipball/b6098276043e2d627221fe54d3c91232e6679d0f",
                "reference": "b6098276043e2d627221fe54d3c91232e6679d0f",
                "shasum": ""
            },
            "require": {
                "joomla/filter": "~1.0",
                "php": ">=5.3.10"
            },
            "require-dev": {
                "joomla/test": "~1.0",
                "phpunit/phpunit": "4.*",
                "squizlabs/php_codesniffer": "1.*"
            },
            "type": "joomla-package",
            "extra": {
                "branch-alias": {
                    "dev-master": "1.x-dev"
                }
            },
            "autoload": {
                "psr-4": {
                    "Joomla\\Input\\": "src/",
                    "Joomla\\Input\\Tests\\": "Tests/"
                }
            },
            "notification-url": "https://packagist.org/downloads/",
            "license": [
                "GPL-2.0+"
            ],
            "description": "Joomla Input Package",
            "homepage": "https://github.com/joomla-framework/input",
            "keywords": [
                "framework",
                "input",
                "joomla"
            ],
            "time": "2014-10-12 18:01:36"
        },
        {
            "name": "joomla/registry",
            "version": "1.5.0",
            "source": {
                "type": "git",
                "url": "https://github.com/joomla-framework/registry.git",
                "reference": "db55cf426bd27524557affbe95b18d6a2f959657"
            },
            "dist": {
                "type": "zip",
                "url": "https://api.github.com/repos/joomla-framework/registry/zipball/db55cf426bd27524557affbe95b18d6a2f959657",
                "reference": "db55cf426bd27524557affbe95b18d6a2f959657",
                "shasum": ""
            },
            "require": {
                "joomla/compat": "~1.0",
                "joomla/string": "~1.3",
                "joomla/utilities": "~1.0",
                "php": ">=5.3.10"
            },
            "require-dev": {
                "joomla/test": "~1.0",
                "phpunit/phpunit": "4.*",
                "squizlabs/php_codesniffer": "1.*",
                "symfony/yaml": "~2.0"
            },
            "suggest": {
                "symfony/yaml": "Install 2.* if you require YAML support."
            },
            "type": "joomla-package",
            "extra": {
                "branch-alias": {
                    "dev-master": "1.x-dev"
                }
            },
            "autoload": {
                "psr-4": {
                    "Joomla\\Registry\\": "src/",
                    "Joomla\\Registry\\Tests\\": "Tests/"
                }
            },
            "notification-url": "https://packagist.org/downloads/",
            "license": [
                "GPL-2.0+"
            ],
            "description": "Joomla Registry Package",
            "homepage": "https://github.com/joomla-framework/registry",
            "keywords": [
                "framework",
                "joomla",
                "registry"
            ],
            "time": "2015-10-14 17:01:46"
        },
        {
            "name": "joomla/string",
            "version": "1.3.2",
            "source": {
                "type": "git",
                "url": "https://github.com/joomla-framework/string.git",
                "reference": "1c1ee5a1fd99c978500822638149b9af9e4b7be3"
            },
            "dist": {
                "type": "zip",
                "url": "https://api.github.com/repos/joomla-framework/string/zipball/1c1ee5a1fd99c978500822638149b9af9e4b7be3",
                "reference": "1c1ee5a1fd99c978500822638149b9af9e4b7be3",
                "shasum": ""
            },
            "require": {
                "php": ">=5.3.10"
            },
            "require-dev": {
                "joomla/test": "~1.0",
                "phpunit/phpunit": "4.*",
                "squizlabs/php_codesniffer": "1.*"
            },
            "type": "joomla-package",
            "extra": {
                "branch-alias": {
                    "dev-master": "1.x-dev"
                }
            },
            "autoload": {
                "psr-4": {
                    "Joomla\\String\\": "src/",
                    "Joomla\\String\\Tests\\": "Tests/"
                },
                "files": [
                    "src/phputf8/utf8.php"
                ]
            },
            "notification-url": "https://packagist.org/downloads/",
            "license": [
                "GPL-2.0+"
            ],
            "description": "Joomla String Package",
            "homepage": "https://github.com/joomla-framework/string",
            "keywords": [
                "framework",
                "joomla",
                "string"
            ],
            "time": "2015-12-13 19:42:40"
        },
        {
            "name": "joomla/uri",
            "version": "1.1.1",
            "source": {
                "type": "git",
                "url": "https://github.com/joomla-framework/uri.git",
                "reference": "980e532e4235bb8f1ada15b28822abbeb171da3f"
            },
            "dist": {
                "type": "zip",
                "url": "https://api.github.com/repos/joomla-framework/uri/zipball/980e532e4235bb8f1ada15b28822abbeb171da3f",
                "reference": "980e532e4235bb8f1ada15b28822abbeb171da3f",
                "shasum": ""
            },
            "require": {
                "php": ">=5.3.10"
            },
            "type": "joomla-package",
            "autoload": {
                "psr-4": {
                    "Joomla\\Uri\\": "src/",
                    "Joomla\\Uri\\Tests\\": "Tests/"
                }
            },
            "notification-url": "https://packagist.org/downloads/",
            "license": [
                "GPL-2.0+"
            ],
            "description": "Joomla Uri Package",
            "homepage": "https://github.com/joomla-framework/uri",
            "keywords": [
                "framework",
                "joomla",
                "uri"
            ],
            "time": "2014-02-09 02:57:17"
        },
        {
            "name": "joomla/utilities",
            "version": "1.3.3",
            "source": {
                "type": "git",
                "url": "https://github.com/joomla-framework/utilities.git",
                "reference": "3e43b0806c194a92b58a176b73d6cc2dc6c9c3a4"
            },
            "dist": {
                "type": "zip",
                "url": "https://api.github.com/repos/joomla-framework/utilities/zipball/3e43b0806c194a92b58a176b73d6cc2dc6c9c3a4",
                "reference": "3e43b0806c194a92b58a176b73d6cc2dc6c9c3a4",
                "shasum": ""
            },
            "require": {
                "joomla/string": "~1.3",
                "php": ">=5.3.10"
            },
            "require-dev": {
                "phpunit/phpunit": "4.*",
                "squizlabs/php_codesniffer": "1.*"
            },
            "type": "joomla-package",
            "extra": {
                "branch-alias": {
                    "dev-master": "1.x-dev"
                }
            },
            "autoload": {
                "psr-4": {
                    "Joomla\\Utilities\\": "src/",
                    "Joomla\\Utilities\\Tests\\": "Tests/"
                }
            },
            "notification-url": "https://packagist.org/downloads/",
            "license": [
                "GPL-2.0+"
            ],
            "description": "Joomla Utilities Package",
            "homepage": "https://github.com/joomla-framework/utilities",
            "keywords": [
                "framework",
                "joomla",
                "utilities"
            ],
            "time": "2015-03-28 17:52:43"
        },
        {
            "name": "psr/log",
            "version": "1.0.0",
            "source": {
                "type": "git",
                "url": "https://github.com/php-fig/log.git",
                "reference": "fe0936ee26643249e916849d48e3a51d5f5e278b"
            },
            "dist": {
                "type": "zip",
                "url": "https://api.github.com/repos/php-fig/log/zipball/fe0936ee26643249e916849d48e3a51d5f5e278b",
                "reference": "fe0936ee26643249e916849d48e3a51d5f5e278b",
                "shasum": ""
            },
            "type": "library",
            "autoload": {
                "psr-0": {
                    "Psr\\Log\\": ""
                }
            },
            "notification-url": "https://packagist.org/downloads/",
            "license": [
                "MIT"
            ],
            "authors": [
                {
                    "name": "PHP-FIG",
                    "homepage": "http://www.php-fig.org/"
                }
            ],
            "description": "Common interface for logging libraries",
            "keywords": [
                "log",
                "psr",
                "psr-3"
            ],
            "time": "2012-12-21 11:40:51"
        }
    ],
    "packages-dev": [],
    "aliases": [],
    "minimum-stability": "stable",
    "stability-flags": [],
    "prefer-stable": false,
    "prefer-lowest": false,
    "platform": {
        "php": ">=5.4"
    },
    "platform-dev": []
}
